{
  "name": "forge-authored-report-materializer-build",
  "lockfileVersion": 3,
  "requires": true,
  "packages": {
    "": {
      "name": "forge-authored-report-materializer-build",
      "dependencies": {
        "@formatjs/intl-datetimeformat": "7.8.1",
        "@formatjs/intl-getcanonicallocales": "3.2.12",
        "@formatjs/intl-locale": "5.3.12",
        "@formatjs/intl-numberformat": "9.4.3",
        "@formatjs/intl-pluralrules": "6.3.15"
      }
    },
    "node_modules/@formatjs/bigdecimal": {
      "version": "0.2.7",
      "resolved": "https://registry.npmjs.org/@formatjs/bigdecimal/-/bigdecimal-0.2.7.tgz",
      "integrity": "sha512-B4+XY/e4u5v261r3a37Kq2ax91gPZSKGyVpx8X5dygAggLlUz+6MeBpmAhaBFGB8WQ4JB1qD+QtKHk9aJkEb9Q==",
      "license": "MIT"
    },
    "node_modules/@formatjs/fast-memoize": {
      "version": "3.1.7",
      "resolved": "https://registry.npmjs.org/@formatjs/fast-memoize/-/fast-memoize-3.1.7.tgz",
      "integrity": "sha512-zXfhLpvA6T7+efdt9JLbBwZ00tT7NsBMDVnDu8rpHeNNv8KfRZAMo2gkG0k9lK/Nzc//3kJ9pImsfuJxk3KhUA==",
      "license": "MIT"
    },
    "node_modules/@formatjs/intl-datetimeformat": {
      "version": "7.8.1",
      "resolved": "https://registry.npmjs.org/@formatjs/intl-datetimeformat/-/intl-datetimeformat-7.8.1.tgz",
      "integrity": "sha512-tGVZ3KdbHQwmA8wBn7gEJeOE9zo0InoyrbJWsD4VYdHGJfXykflOpdNC69+QaZShxfEQ6dwUfXjDfNzxe4AO4A==",
      "license": "MIT",
      "dependencies": {
        "@formatjs/bigdecimal": "0.2.7",
        "@formatjs/intl-localematcher": "0.9.0"
      }
    },
    "node_modules/@formatjs/intl-getcanonicallocales": {
      "version": "3.2.12",
      "resolved": "https://registry.npmjs.org/@formatjs/intl-getcanonicallocales/-/intl-getcanonicallocales-3.2.12.tgz",
      "integrity": "sha512-THqQLTJUH2z2A7oE1guW8VzpGpsGFxwWZ+l8cI8Bk75xUU8DxtJoLfKl+5a6fYK26GeDWDWE0UbDhE5SwcLoFg==",
      "license": "MIT"
    },
    "node_modules/@formatjs/intl-locale": {
      "version": "5.3.12",
      "resolved": "https://registry.npmjs.org/@formatjs/intl-locale/-/intl-locale-5.3.12.tgz",
      "integrity": "sha512-bI5CrvuC6A5PMOIiHX+6ETTHXzUofHw1U/fkI59sQJ+BFbkglxIVVncFPxHf4IHmAqAs/Rlp2bdzTEcLaq2tQw==",
      "license": "MIT",
      "dependencies": {
        "@formatjs/intl-getcanonicallocales": "3.2.12",
        "@formatjs/intl-supportedvaluesof": "2.3.11"
      }
    },
    "node_modules/@formatjs/intl-localematcher": {
      "version": "0.9.0",
      "resolved": "https://registry.npmjs.org/@formatjs/intl-localematcher/-/intl-localematcher-0.9.0.tgz",
      "integrity": "sha512-Z7TD3ssNry1Av1dVDoq/mzpxGyxqWwU0ClWEo+BB3k0JQTeQvUGmeK9WZGYvlqStS0UqkaKXk3dfjsb6NaHAxw==",
      "license": "MIT",
      "dependencies": {
        "@formatjs/fast-memoize": "3.1.7"
      }
    },
    "node_modules/@formatjs/intl-numberformat": {
      "version": "9.4.3",
      "resolved": "https://registry.npmjs.org/@formatjs/intl-numberformat/-/intl-numberformat-9.4.3.tgz",
      "integrity": "sha512-absVu2I7FlWl+Buictw2PL8Fl385uab3bEA3TCCTu+0DBHHFE+RTbmPmj0nUVO82U1b2Qw3/OA2I7KKLI48EpQ==",
      "license": "MIT",
      "dependencies": {
        "@formatjs/bigdecimal": "0.2.7",
        "@formatjs/intl-localematcher": "0.9.0"
      }
    },
    "node_modules/@formatjs/intl-pluralrules": {
      "version": "6.3.15",
      "resolved": "https://registry.npmjs.org/@formatjs/intl-pluralrules/-/intl-pluralrules-6.3.15.tgz",
      "integrity": "sha512-/K6Up6SrvLcTP5mWVHp58A9Uk7I4jYbDYqtYdgKDeSY1HG0bhBMS4eVtqK2nFx8mWWdcHbt9ZqHBcCto573PNg==",
      "license": "MIT",
      "dependencies": {
        "@formatjs/bigdecimal": "0.2.7",
        "@formatjs/intl-localematcher": "0.9.0"
      }
    },
    "node_modules/@formatjs/intl-supportedvaluesof": {
      "version": "2.3.11",
      "resolved": "https://registry.npmjs.org/@formatjs/intl-supportedvaluesof/-/intl-supportedvaluesof-2.3.11.tgz",
      "integrity": "sha512-oRzzAbJA08psr6AO0jgXAdx4HZ2vGNeja1fgaio2R2ne8DLtGPV+fa3gxI/t8J2dNPOndrwVAZVVfbH6GDFDwA==",
      "license": "MIT",
      "dependencies": {
        "@formatjs/fast-memoize": "3.1.7"
      }
    }
  }
}
